
Microsoft Visual Studio Solution File, Format Version 12.00
# Visual Studio 15
VisualStudioVersion = 15.0.27130.2036
MinimumVisualStudioVersion = 10.0.40219.1
Project("{FAE04EC0-301F-11D3-BF4B-00C04F79EFBC}") = "DemoNancySerilog", "DemoNancySerilog\DemoNancySerilog.csproj", "{11839ACC-CF85-40EA-883C-41D11AA0C29D}"
EndProject
Project("{FAE04EC0-301F-11D3-BF4B-00C04F79EFBC}") = "DemoNancySerilog.Console", "DemoNancySerilog.Console\DemoNancySerilog.Console.csproj", "{BA00A23D-D99C-4E88-BCC2-F93701FF3952}"
EndProject
Global
	GlobalSection(SolutionConfigurationPlatforms) = preSolution
		Debug|Any CPU = Debug|Any CPU
		Release|Any CPU = Release|Any CPU
	EndGlobalSection
	GlobalSection(ProjectConfigurationPlatforms) = postSolution
		{11839ACC-CF85-40EA-883C-41D11AA0C29D}.Debug|Any CPU.ActiveCfg = Debug|Any CPU
		{11839ACC-CF85-40EA-883C-41D11AA0C29D}.Debug|Any CPU.Build.0 = Debug|Any CPU
		{11839ACC-CF85-40EA-883C-41D11AA0C29D}.Release|Any CPU.ActiveCfg = Release|Any CPU
		{11839ACC-CF85-40EA-883C-41D11AA0C29D}.Release|Any CPU.Build.0 = Release|Any CPU
		{BA00A23D-D99C-4E88-BCC2-F93701FF3952}.Debug|Any CPU.ActiveCfg = Debug|Any CPU
		{BA00A23D-D99C-4E88-BCC2-F93701FF3952}.Debug|Any CPU.Build.0 = Debug|Any CPU
		{BA00A23D-D99C-4E88-BCC2-F93701FF3952}.Release|Any CPU.ActiveCfg = Release|Any CPU
		{BA00A23D-D99C-4E88-BCC2-F93701FF3952}.Release|Any CPU.Build.0 = Release|Any CPU
	EndGlobalSection
	GlobalSection(SolutionProperties) = preSolution
		HideSolutionNode = FALSE
	EndGlobalSection
	GlobalSection(ExtensibilityGlobals) = postSolution
		SolutionGuid = {EF4420E1-6222-4A51-AB58-CAB5EA5553CE}
	EndGlobalSection
EndGlobal
